
Microsoft Visual Studio Solution File, Format Version 12.00
# Visual Studio 15
VisualStudioVersion = 15.0.28307.271
MinimumVisualStudioVersion = 10.0.40219.1
Project("{FAE04EC0-301F-11D3-BF4B-00C04F79EFBC}") = "Business_Plan", "Business_Plan\Business_Plan.csproj", "{59C1DDBA-F494-4D63-B220-36A6253F2085}"
EndProject
Global
	GlobalSection(SolutionConfigurationPlatforms) = preSolution
		Debug|Any CPU = Debug|Any CPU
		Release|Any CPU = Release|Any CPU
	EndGlobalSection
	GlobalSection(ProjectConfigurationPlatforms) = postSolution
		{59C1DDBA-F494-4D63-B220-36A6253F2085}.Debug|Any CPU.ActiveCfg = Debug|Any CPU
		{59C1DDBA-F494-4D63-B220-36A6253F2085}.Debug|Any CPU.Build.0 = Debug|Any CPU
		{59C1DDBA-F494-4D63-B220-36A6253F2085}.Release|Any CPU.ActiveCfg = Release|Any CPU
		{59C1DDBA-F494-4D63-B220-36A6253F2085}.Release|Any CPU.Build.0 = Release|Any CPU
	EndGlobalSection
	GlobalSection(SolutionProperties) = preSolution
		HideSolutionNode = FALSE
	EndGlobalSection
	GlobalSection(ExtensibilityGlobals) = postSolution
		SolutionGuid = {2015AF1E-0A46-4630-A75A-AD8208132575}
	EndGlobalSection
EndGlobal
